PODS:
  - AMapFoundation-NO-IDFA (1.4.0)
  - AMapLocation-NO-IDFA (2.4.0):
    - AMapFoundation-NO-IDFA (~> 1.4)
  - AMapSearch-NO-IDFA (5.3.0):
    - AMapFoundation-NO-IDFA (~> 1.2)
  - ESUtils (0.0.4)

DEPENDENCIES:
  - AMapLocation-NO-IDFA (= 2.4.0)
  - AMapSearch-NO-IDFA (~> 5.3.0)
  - ESUtils (~> 0.0.4)

SPEC CHECKSUMS:
  AMapFoundation-NO-IDFA: d1ba541a56737c2048115a745b1dfcbe9901c248
  AMapLocation-NO-IDFA: 9493012d3241a7d551942c7c1e1069b51f295083
  AMapSearch-NO-IDFA: eb0f9b424e6c3cdcb0e8c656e9622e8d0ee54238
  ESUtils: b34f0d0e60d01db0eed074897a9f767b5c3a6e71

PODFILE CHECKSUM: 078676d84f05b2f3398883b487e042d5eb6d3c4a

COCOAPODS: 1.3.1
